
Microsoft Visual Studio Solution File, Format Version 12.00
# Visual Studio 15
VisualStudioVersion = 15.0.27130.2036
MinimumVisualStudioVersion = 10.0.40219.1
Project("{FAE04EC0-301F-11D3-BF4B-00C04F79EFBC}") = "AndroidPrj", "AndroidPrj\AndroidPrj.csproj", "{09D17F4A-368E-4DC2-86AF-CE5409228A7C}"
EndProject
Project("{FAE04EC0-301F-11D3-BF4B-00C04F79EFBC}") = "IOSPrj", "IOSPrj\IOSPrj.csproj", "{845AE8B0-3164-4AE0-8958-C2985324A549}"
EndProject
Project("{D954291E-2A0B-460D-934E-DC6B0785DB48}") = "OpenGLDemo", "OpenGLDemo\OpenGLDemo.shproj", "{B7DD8B60-20D3-4C2B-AFB6-3446B564B37C}"
EndProject
Project("{2150E333-8FDC-42A3-9474-1A3956D46DE8}") = "Shared", "Shared", "{7C6A53D5-1160-4FFB-92CE-1302C84FACF0}"
EndProject
Global
	GlobalSection(SharedMSBuildProjectFiles) = preSolution
		OpenGLDemo\OpenGLDemo.projitems*{09d17f4a-368e-4dc2-86af-ce5409228a7c}*SharedItemsImports = 4
		OpenGLDemo\OpenGLDemo.projitems*{845ae8b0-3164-4ae0-8958-c2985324a549}*SharedItemsImports = 4
		OpenGLDemo\OpenGLDemo.projitems*{b7dd8b60-20d3-4c2b-afb6-3446b564b37c}*SharedItemsImports = 13
	EndGlobalSection
	GlobalSection(SolutionConfigurationPlatforms) = preSolution
		Debug|Any CPU = Debug|Any CPU
		Debug|ARM = Debug|ARM
		Debug|iPhone = Debug|iPhone
		Debug|iPhoneSimulator = Debug|iPhoneSimulator
		Debug|x64 = Debug|x64
		Debug|x86 = Debug|x86
		Release|Any CPU = Release|Any CPU
		Release|ARM = Release|ARM
		Release|iPhone = Release|iPhone
		Release|iPhoneSimulator = Release|iPhoneSimulator
		Release|x64 = Release|x64
		Release|x86 = Release|x86
	EndGlobalSection
	GlobalSection(ProjectConfigurationPlatforms) = postSolution
		{09D17F4A-368E-4DC2-86AF-CE5409228A7C}.Debug|Any CPU.ActiveCfg = Debug|Any CPU
		{09D17F4A-368E-4DC2-86AF-CE5409228A7C}.Debug|Any CPU.Build.0 = Debug|Any CPU
		{09D17F4A-368E-4DC2-86AF-CE5409228A7C}.Debug|Any CPU.Deploy.0 = Debug|Any CPU
		{09D17F4A-368E-4DC2-86AF-CE5409228A7C}.Debug|ARM.ActiveCfg = Debug|Any CPU
		{09D17F4A-368E-4DC2-86AF-CE5409228A7C}.Debug|ARM.Build.0 = Debug|Any CPU
		{09D17F4A-368E-4DC2-86AF-CE5409228A7C}.Debug|ARM.Deploy.0 = Debug|Any CPU
		{09D17F4A-368E-4DC2-86AF-CE5409228A7C}.Debug|iPhone.ActiveCfg = Debug|Any CPU
		{09D17F4A-368E-4DC2-86AF-CE5409228A7C}.Debug|iPhone.Build.0 = Debug|Any CPU
		{09D17F4A-368E-4DC2-86AF-CE5409228A7C}.Debug|iPhone.Deploy.0 = Debug|Any CPU
		{09D17F4A-368E-4DC2-86AF-CE5409228A7C}.Debug|iPhoneSimulator.ActiveCfg = Debug|Any CPU
		{09D17F4A-368E-4DC2-86AF-CE5409228A7C}.Debug|iPhoneSimulator.Build.0 = Debug|Any CPU
		{09D17F4A-368E-4DC2-86AF-CE5409228A7C}.Debug|iPhoneSimulator.Deploy.0 = Debug|Any CPU
		{09D17F4A-368E-4DC2-86AF-CE5409228A7C}.Debug|x64.ActiveCfg = Debug|Any CPU
		{09D17F4A-368E-4DC2-86AF-CE5409228A7C}.Debug|x64.Build.0 = Debug|Any CPU
		{09D17F4A-368E-4DC2-86AF-CE5409228A7C}.Debug|x64.Deploy.0 = Debug|Any CPU
		{09D17F4A-368E-4DC2-86AF-CE5409228A7C}.Debug|x86.ActiveCfg = Debug|Any CPU
		{09D17F4A-368E-4DC2-86AF-CE5409228A7C}.Debug|x86.Build.0 = Debug|Any CPU
		{09D17F4A-368E-4DC2-86AF-CE5409228A7C}.Debug|x86.Deploy.0 = Debug|Any CPU
		{09D17F4A-368E-4DC2-86AF-CE5409228A7C}.Release|Any CPU.ActiveCfg = Release|Any CPU
		{09D17F4A-368E-4DC2-86AF-CE5409228A7C}.Release|Any CPU.Build.0 = Release|Any CPU
		{09D17F4A-368E-4DC2-86AF-CE5409228A7C}.Release|Any CPU.Deploy.0 = Release|Any CPU
		{09D17F4A-368E-4DC2-86AF-CE5409228A7C}.Release|ARM.ActiveCfg = Release|Any CPU
		{09D17F4A-368E-4DC2-86AF-CE5409228A7C}.Release|ARM.Build.0 = Release|Any CPU
		{09D17F4A-368E-4DC2-86AF-CE5409228A7C}.Release|ARM.Deploy.0 = Release|Any CPU
		{09D17F4A-368E-4DC2-86AF-CE5409228A7C}.Release|iPhone.ActiveCfg = Release|Any CPU
		{09D17F4A-368E-4DC2-86AF-CE5409228A7C}.Release|iPhone.Build.0 = Release|Any CPU
		{09D17F4A-368E-4DC2-86AF-CE5409228A7C}.Release|iPhone.Deploy.0 = Release|Any CPU
		{09D17F4A-368E-4DC2-86AF-CE5409228A7C}.Release|iPhoneSimulator.ActiveCfg = Release|Any CPU
		{09D17F4A-368E-4DC2-86AF-CE5409228A7C}.Release|iPhoneSimulator.Build.0 = Release|Any CPU
		{09D17F4A-368E-4DC2-86AF-CE5409228A7C}.Release|iPhoneSimulator.Deploy.0 = Release|Any CPU
		{09D17F4A-368E-4DC2-86AF-CE5409228A7C}.Release|x64.ActiveCfg = Release|Any CPU
		{09D17F4A-368E-4DC2-86AF-CE5409228A7C}.Release|x64.Build.0 = Release|Any CPU
		{09D17F4A-368E-4DC2-86AF-CE5409228A7C}.Release|x64.Deploy.0 = Release|Any CPU
		{09D17F4A-368E-4DC2-86AF-CE5409228A7C}.Release|x86.ActiveCfg = Release|Any CPU
		{09D17F4A-368E-4DC2-86AF-CE5409228A7C}.Release|x86.Build.0 = Release|Any CPU
		{09D17F4A-368E-4DC2-86AF-CE5409228A7C}.Release|x86.Deploy.0 = Release|Any CPU
		{845AE8B0-3164-4AE0-8958-C2985324A549}.Debug|Any CPU.ActiveCfg = Debug|iPhone
		{845AE8B0-3164-4AE0-8958-C2985324A549}.Debug|ARM.ActiveCfg = Debug|iPhoneSimulator
		{845AE8B0-3164-4AE0-8958-C2985324A549}.Debug|iPhone.ActiveCfg = Debug|iPhone
		{845AE8B0-3164-4AE0-8958-C2985324A549}.Debug|iPhone.Build.0 = Debug|iPhone
		{845AE8B0-3164-4AE0-8958-C2985324A549}.Debug|iPhoneSimulator.ActiveCfg = Debug|iPhoneSimulator
		{845AE8B0-3164-4AE0-8958-C2985324A549}.Debug|iPhoneSimulator.Build.0 = Debug|iPhoneSimulator
		{845AE8B0-3164-4AE0-8958-C2985324A549}.Debug|x64.ActiveCfg = Debug|iPhoneSimulator
		{845AE8B0-3164-4AE0-8958-C2985324A549}.Debug|x86.ActiveCfg = Debug|iPhoneSimulator
		{845AE8B0-3164-4AE0-8958-C2985324A549}.Release|Any CPU.ActiveCfg = Release|iPhone
		{845AE8B0-3164-4AE0-8958-C2985324A549}.Release|ARM.ActiveCfg = Release|iPhoneSimulator
		{845AE8B0-3164-4AE0-8958-C2985324A549}.Release|iPhone.ActiveCfg = Release|iPhone
		{845AE8B0-3164-4AE0-8958-C2985324A549}.Release|iPhone.Build.0 = Release|iPhone
		{845AE8B0-3164-4AE0-8958-C2985324A549}.Release|iPhoneSimulator.ActiveCfg = Release|iPhoneSimulator
		{845AE8B0-3164-4AE0-8958-C2985324A549}.Release|iPhoneSimulator.Build.0 = Release|iPhoneSimulator
		{845AE8B0-3164-4AE0-8958-C2985324A549}.Release|x64.ActiveCfg = Release|iPhoneSimulator
		{845AE8B0-3164-4AE0-8958-C2985324A549}.Release|x86.ActiveCfg = Release|iPhoneSimulator
	EndGlobalSection
	GlobalSection(SolutionProperties) = preSolution
		HideSolutionNode = FALSE
	EndGlobalSection
	GlobalSection(NestedProjects) = preSolution
		{B7DD8B60-20D3-4C2B-AFB6-3446B564B37C} = {7C6A53D5-1160-4FFB-92CE-1302C84FACF0}
	EndGlobalSection
	GlobalSection(ExtensibilityGlobals) = postSolution
		SolutionGuid = {A7019A7F-16C0-4549-9DBC-4E861E7FEBB3}
	EndGlobalSection
EndGlobal
